
Microsoft Visual Studio Solution File, Format Version 12.00
# Visual Studio 2012
Project("{FAE04EC0-301F-11D3-BF4B-00C04F79EFBC}") = "FluentFTP", "FluentFTP\FluentFTP.csproj", "{E963B766-56BF-4966-8917-88C1EE69D61A}"
EndProject
Project("{FAE04EC0-301F-11D3-BF4B-00C04F79EFBC}") = "Examples", "FluentFTP.Examples\Examples.csproj", "{49B11591-C942-479F-A864-AB2738E50EF0}"
EndProject
Project("{FAE04EC0-301F-11D3-BF4B-00C04F79EFBC}") = "Tests", "FluentFTP.Tests\Tests.csproj", "{28AA032E-CACF-4C07-BF12-C4FBE71BC8BD}"
EndProject
Global
	GlobalSection(SolutionConfigurationPlatforms) = preSolution
		Debug|Any CPU = Debug|Any CPU
		DebugNET2|Any CPU = DebugNET2|Any CPU
		DebugNET35|Any CPU = DebugNET35|Any CPU
		DebugNET4|Any CPU = DebugNET4|Any CPU
		Release|Any CPU = Release|Any CPU
		ReleaseNET2|Any CPU = ReleaseNET2|Any CPU
		ReleaseNET35|Any CPU = ReleaseNET35|Any CPU
		ReleaseNET4|Any CPU = ReleaseNET4|Any CPU
	EndGlobalSection
	GlobalSection(ProjectConfigurationPlatforms) = postSolution
		{E963B766-56BF-4966-8917-88C1EE69D61A}.Debug|Any CPU.ActiveCfg = Debug|Any CPU
		{E963B766-56BF-4966-8917-88C1EE69D61A}.Debug|Any CPU.Build.0 = Debug|Any CPU
		{E963B766-56BF-4966-8917-88C1EE69D61A}.DebugNET2|Any CPU.ActiveCfg = DebugNET2|Any CPU
		{E963B766-56BF-4966-8917-88C1EE69D61A}.DebugNET2|Any CPU.Build.0 = DebugNET2|Any CPU
		{E963B766-56BF-4966-8917-88C1EE69D61A}.DebugNET35|Any CPU.ActiveCfg = DebugNET35|Any CPU
		{E963B766-56BF-4966-8917-88C1EE69D61A}.DebugNET35|Any CPU.Build.0 = DebugNET35|Any CPU
		{E963B766-56BF-4966-8917-88C1EE69D61A}.DebugNET4|Any CPU.ActiveCfg = DebugNET4|Any CPU
		{E963B766-56BF-4966-8917-88C1EE69D61A}.DebugNET4|Any CPU.Build.0 = DebugNET4|Any CPU
		{E963B766-56BF-4966-8917-88C1EE69D61A}.Release|Any CPU.ActiveCfg = Release|Any CPU
		{E963B766-56BF-4966-8917-88C1EE69D61A}.Release|Any CPU.Build.0 = Release|Any CPU
		{E963B766-56BF-4966-8917-88C1EE69D61A}.ReleaseNET2|Any CPU.ActiveCfg = ReleaseNET2|Any CPU
		{E963B766-56BF-4966-8917-88C1EE69D61A}.ReleaseNET2|Any CPU.Build.0 = ReleaseNET2|Any CPU
		{E963B766-56BF-4966-8917-88C1EE69D61A}.ReleaseNET35|Any CPU.ActiveCfg = ReleaseNET35|Any CPU
		{E963B766-56BF-4966-8917-88C1EE69D61A}.ReleaseNET35|Any CPU.Build.0 = ReleaseNET35|Any CPU
		{E963B766-56BF-4966-8917-88C1EE69D61A}.ReleaseNET4|Any CPU.ActiveCfg = ReleaseNET4|Any CPU
		{E963B766-56BF-4966-8917-88C1EE69D61A}.ReleaseNET4|Any CPU.Build.0 = ReleaseNET4|Any CPU
		{49B11591-C942-479F-A864-AB2738E50EF0}.Debug|Any CPU.ActiveCfg = Debug|Any CPU
		{49B11591-C942-479F-A864-AB2738E50EF0}.Debug|Any CPU.Build.0 = Debug|Any CPU
		{49B11591-C942-479F-A864-AB2738E50EF0}.DebugNET2|Any CPU.ActiveCfg = DebugNET2|Any CPU
		{49B11591-C942-479F-A864-AB2738E50EF0}.DebugNET2|Any CPU.Build.0 = DebugNET2|Any CPU
		{49B11591-C942-479F-A864-AB2738E50EF0}.DebugNET35|Any CPU.ActiveCfg = DebugNET35|Any CPU
		{49B11591-C942-479F-A864-AB2738E50EF0}.DebugNET35|Any CPU.Build.0 = DebugNET35|Any CPU
		{49B11591-C942-479F-A864-AB2738E50EF0}.DebugNET4|Any CPU.ActiveCfg = DebugNET4|Any CPU
		{49B11591-C942-479F-A864-AB2738E50EF0}.DebugNET4|Any CPU.Build.0 = DebugNET4|Any CPU
		{49B11591-C942-479F-A864-AB2738E50EF0}.Release|Any CPU.ActiveCfg = Release|Any CPU
		{49B11591-C942-479F-A864-AB2738E50EF0}.Release|Any CPU.Build.0 = Release|Any CPU
		{49B11591-C942-479F-A864-AB2738E50EF0}.ReleaseNET2|Any CPU.ActiveCfg = ReleaseNET2|Any CPU
		{49B11591-C942-479F-A864-AB2738E50EF0}.ReleaseNET2|Any CPU.Build.0 = ReleaseNET2|Any CPU
		{49B11591-C942-479F-A864-AB2738E50EF0}.ReleaseNET35|Any CPU.ActiveCfg = ReleaseNET35|Any CPU
		{49B11591-C942-479F-A864-AB2738E50EF0}.ReleaseNET35|Any CPU.Build.0 = ReleaseNET35|Any CPU
		{49B11591-C942-479F-A864-AB2738E50EF0}.ReleaseNET4|Any CPU.ActiveCfg = ReleaseNET4|Any CPU
		{49B11591-C942-479F-A864-AB2738E50EF0}.ReleaseNET4|Any CPU.Build.0 = ReleaseNET4|Any CPU
		{28AA032E-CACF-4C07-BF12-C4FBE71BC8BD}.Debug|Any CPU.ActiveCfg = Debug|Any CPU
		{28AA032E-CACF-4C07-BF12-C4FBE71BC8BD}.Debug|Any CPU.Build.0 = Debug|Any CPU
		{28AA032E-CACF-4C07-BF12-C4FBE71BC8BD}.DebugNET2|Any CPU.ActiveCfg = DebugNET2|Any CPU
		{28AA032E-CACF-4C07-BF12-C4FBE71BC8BD}.DebugNET2|Any CPU.Build.0 = DebugNET2|Any CPU
		{28AA032E-CACF-4C07-BF12-C4FBE71BC8BD}.DebugNET35|Any CPU.ActiveCfg = DebugNET35|Any CPU
		{28AA032E-CACF-4C07-BF12-C4FBE71BC8BD}.DebugNET35|Any CPU.Build.0 = DebugNET35|Any CPU
		{28AA032E-CACF-4C07-BF12-C4FBE71BC8BD}.DebugNET4|Any CPU.ActiveCfg = DebugNET4|Any CPU
		{28AA032E-CACF-4C07-BF12-C4FBE71BC8BD}.DebugNET4|Any CPU.Build.0 = DebugNET4|Any CPU
		{28AA032E-CACF-4C07-BF12-C4FBE71BC8BD}.Release|Any CPU.ActiveCfg = Release|Any CPU
		{28AA032E-CACF-4C07-BF12-C4FBE71BC8BD}.Release|Any CPU.Build.0 = Release|Any CPU
		{28AA032E-CACF-4C07-BF12-C4FBE71BC8BD}.ReleaseNET2|Any CPU.ActiveCfg = ReleaseNET2|Any CPU
		{28AA032E-CACF-4C07-BF12-C4FBE71BC8BD}.ReleaseNET2|Any CPU.Build.0 = ReleaseNET2|Any CPU
		{28AA032E-CACF-4C07-BF12-C4FBE71BC8BD}.ReleaseNET35|Any CPU.ActiveCfg = ReleaseNET35|Any CPU
		{28AA032E-CACF-4C07-BF12-C4FBE71BC8BD}.ReleaseNET35|Any CPU.Build.0 = ReleaseNET35|Any CPU
		{28AA032E-CACF-4C07-BF12-C4FBE71BC8BD}.ReleaseNET4|Any CPU.ActiveCfg = Release|Any CPU
		{28AA032E-CACF-4C07-BF12-C4FBE71BC8BD}.ReleaseNET4|Any CPU.Build.0 = Release|Any CPU
	EndGlobalSection
	GlobalSection(SolutionProperties) = preSolution
		HideSolutionNode = FALSE
	EndGlobalSection
	GlobalSection(MonoDevelopProperties) = preSolution
		StartupItem = FluentFTP.Tests\Tests.csproj
	EndGlobalSection
EndGlobal
