
Microsoft Visual Studio Solution File, Format Version 12.00
# Visual Studio Version 17
VisualStudioVersion = 17.2.32616.157
MinimumVisualStudioVersion = 10.0.40219.1
Project("{9A19103F-16F7-4668-BE54-9A1E7A4F7556}") = "FluentFTP", "FluentFTP\FluentFTP.csproj", "{117F9BA2-711B-4C71-92EC-002220B157DD}"
EndProject
Project("{9A19103F-16F7-4668-BE54-9A1E7A4F7556}") = "CSharpExamples", "FluentFTP.CSharpExamples\CSharpExamples.csproj", "{49B11591-C942-479F-A864-AB2738E50EF0}"
EndProject
Project("{778DAE3C-4631-46EA-AA77-85C1314464D9}") = "VBExamples", "FluentFTP.VBExamples\VBExamples.vbproj", "{FC62AA30-F9F0-4DC1-A9EA-51A24C624973}"
EndProject
Project("{9A19103F-16F7-4668-BE54-9A1E7A4F7556}") = "FluentFTP.Tests", "FluentFTP.Tests\FluentFTP.Tests.csproj", "{0B17384E-6849-46D0-B880-2F97FE11A1B3}"
EndProject
Project("{9A19103F-16F7-4668-BE54-9A1E7A4F7556}") = "FluentFTP.Xunit", "FluentFTP.Xunit\FluentFTP.Xunit.csproj", "{78BBB136-352C-4C06-A133-630C8AC57575}"
EndProject
Project("{9A19103F-16F7-4668-BE54-9A1E7A4F7556}") = "FluentFTP.Logging", "FluentFTP.Logging\FluentFTP.Logging.csproj", "{611163CE-C9A0-45A6-9090-F7068AEF8D6B}"
EndProject
Global
	GlobalSection(SolutionConfigurationPlatforms) = preSolution
		Debug|Any CPU = Debug|Any CPU
		Debug|x64 = Debug|x64
		Release|Any CPU = Release|Any CPU
		Release|x64 = Release|x64
	EndGlobalSection
	GlobalSection(ProjectConfigurationPlatforms) = postSolution
		{117F9BA2-711B-4C71-92EC-002220B157DD}.Debug|Any CPU.ActiveCfg = Debug|Any CPU
		{117F9BA2-711B-4C71-92EC-002220B157DD}.Debug|Any CPU.Build.0 = Debug|Any CPU
		{117F9BA2-711B-4C71-92EC-002220B157DD}.Debug|x64.ActiveCfg = Debug|x64
		{117F9BA2-711B-4C71-92EC-002220B157DD}.Debug|x64.Build.0 = Debug|x64
		{117F9BA2-711B-4C71-92EC-002220B157DD}.Release|Any CPU.ActiveCfg = Release|Any CPU
		{117F9BA2-711B-4C71-92EC-002220B157DD}.Release|Any CPU.Build.0 = Release|Any CPU
		{117F9BA2-711B-4C71-92EC-002220B157DD}.Release|x64.ActiveCfg = Release|x64
		{117F9BA2-711B-4C71-92EC-002220B157DD}.Release|x64.Build.0 = Release|x64
		{49B11591-C942-479F-A864-AB2738E50EF0}.Debug|Any CPU.ActiveCfg = Debug|Any CPU
		{49B11591-C942-479F-A864-AB2738E50EF0}.Debug|Any CPU.Build.0 = Debug|Any CPU
		{49B11591-C942-479F-A864-AB2738E50EF0}.Debug|x64.ActiveCfg = Debug|x64
		{49B11591-C942-479F-A864-AB2738E50EF0}.Debug|x64.Build.0 = Debug|x64
		{49B11591-C942-479F-A864-AB2738E50EF0}.Release|Any CPU.ActiveCfg = Release|Any CPU
		{49B11591-C942-479F-A864-AB2738E50EF0}.Release|Any CPU.Build.0 = Release|Any CPU
		{49B11591-C942-479F-A864-AB2738E50EF0}.Release|x64.ActiveCfg = Release|x64
		{49B11591-C942-479F-A864-AB2738E50EF0}.Release|x64.Build.0 = Release|x64
		{FC62AA30-F9F0-4DC1-A9EA-51A24C624973}.Debug|Any CPU.ActiveCfg = Debug|Any CPU
		{FC62AA30-F9F0-4DC1-A9EA-51A24C624973}.Debug|Any CPU.Build.0 = Debug|Any CPU
		{FC62AA30-F9F0-4DC1-A9EA-51A24C624973}.Debug|x64.ActiveCfg = Debug|x64
		{FC62AA30-F9F0-4DC1-A9EA-51A24C624973}.Debug|x64.Build.0 = Debug|x64
		{FC62AA30-F9F0-4DC1-A9EA-51A24C624973}.Release|Any CPU.ActiveCfg = Release|Any CPU
		{FC62AA30-F9F0-4DC1-A9EA-51A24C624973}.Release|Any CPU.Build.0 = Release|Any CPU
		{FC62AA30-F9F0-4DC1-A9EA-51A24C624973}.Release|x64.ActiveCfg = Release|x64
		{FC62AA30-F9F0-4DC1-A9EA-51A24C624973}.Release|x64.Build.0 = Release|x64
		{0B17384E-6849-46D0-B880-2F97FE11A1B3}.Debug|Any CPU.ActiveCfg = Debug|Any CPU
		{0B17384E-6849-46D0-B880-2F97FE11A1B3}.Debug|Any CPU.Build.0 = Debug|Any CPU
		{0B17384E-6849-46D0-B880-2F97FE11A1B3}.Debug|x64.ActiveCfg = Debug|x64
		{0B17384E-6849-46D0-B880-2F97FE11A1B3}.Debug|x64.Build.0 = Debug|x64
		{0B17384E-6849-46D0-B880-2F97FE11A1B3}.Release|Any CPU.ActiveCfg = Release|Any CPU
		{0B17384E-6849-46D0-B880-2F97FE11A1B3}.Release|Any CPU.Build.0 = Release|Any CPU
		{0B17384E-6849-46D0-B880-2F97FE11A1B3}.Release|x64.ActiveCfg = Release|x64
		{0B17384E-6849-46D0-B880-2F97FE11A1B3}.Release|x64.Build.0 = Release|x64
		{78BBB136-352C-4C06-A133-630C8AC57575}.Debug|Any CPU.ActiveCfg = Debug|Any CPU
		{78BBB136-352C-4C06-A133-630C8AC57575}.Debug|Any CPU.Build.0 = Debug|Any CPU
		{78BBB136-352C-4C06-A133-630C8AC57575}.Debug|x64.ActiveCfg = Debug|Any CPU
		{78BBB136-352C-4C06-A133-630C8AC57575}.Debug|x64.Build.0 = Debug|Any CPU
		{78BBB136-352C-4C06-A133-630C8AC57575}.Release|Any CPU.ActiveCfg = Release|Any CPU
		{78BBB136-352C-4C06-A133-630C8AC57575}.Release|Any CPU.Build.0 = Release|Any CPU
		{78BBB136-352C-4C06-A133-630C8AC57575}.Release|x64.ActiveCfg = Release|Any CPU
		{78BBB136-352C-4C06-A133-630C8AC57575}.Release|x64.Build.0 = Release|Any CPU
		{611163CE-C9A0-45A6-9090-F7068AEF8D6B}.Debug|Any CPU.ActiveCfg = Debug|Any CPU
		{611163CE-C9A0-45A6-9090-F7068AEF8D6B}.Debug|Any CPU.Build.0 = Debug|Any CPU
		{611163CE-C9A0-45A6-9090-F7068AEF8D6B}.Debug|x64.ActiveCfg = Debug|Any CPU
		{611163CE-C9A0-45A6-9090-F7068AEF8D6B}.Debug|x64.Build.0 = Debug|Any CPU
		{611163CE-C9A0-45A6-9090-F7068AEF8D6B}.Release|Any CPU.ActiveCfg = Release|Any CPU
		{611163CE-C9A0-45A6-9090-F7068AEF8D6B}.Release|Any CPU.Build.0 = Release|Any CPU
		{611163CE-C9A0-45A6-9090-F7068AEF8D6B}.Release|x64.ActiveCfg = Release|Any CPU
		{611163CE-C9A0-45A6-9090-F7068AEF8D6B}.Release|x64.Build.0 = Release|Any CPU
	EndGlobalSection
	GlobalSection(SolutionProperties) = preSolution
		HideSolutionNode = FALSE
	EndGlobalSection
	GlobalSection(ExtensibilityGlobals) = postSolution
		SolutionGuid = {DE786527-BCE1-4DCA-9792-23B6E31892E6}
	EndGlobalSection
EndGlobal
