
Microsoft Visual Studio Solution File, Format Version 11.00
# Visual Studio 2010
Project("{FAE04EC0-301F-11D3-BF4B-00C04F79EFBC}") = "System.Net.FtpClient.NET4", "System.Net.FtpClient.NET4.csproj", "{224AE20C-09D7-4CF7-BD5D-B61267EEF8E6}"
EndProject
Global
	GlobalSection(TestCaseManagementSettings) = postSolution
		CategoryFile = System.Net.FtpClient.NET4.vsmdi
	EndGlobalSection
	GlobalSection(SolutionConfigurationPlatforms) = preSolution
		Debug|Any CPU = Debug|Any CPU
		Debug|Mixed Platforms = Debug|Mixed Platforms
		Debug|x86 = Debug|x86
		Release|Any CPU = Release|Any CPU
		Release|Mixed Platforms = Release|Mixed Platforms
		Release|x86 = Release|x86
	EndGlobalSection
	GlobalSection(ProjectConfigurationPlatforms) = postSolution
		{224AE20C-09D7-4CF7-BD5D-B61267EEF8E6}.Debug|Any CPU.ActiveCfg = Debug|Any CPU
		{224AE20C-09D7-4CF7-BD5D-B61267EEF8E6}.Debug|Any CPU.Build.0 = Debug|Any CPU
		{224AE20C-09D7-4CF7-BD5D-B61267EEF8E6}.Debug|Mixed Platforms.ActiveCfg = Debug|Any CPU
		{224AE20C-09D7-4CF7-BD5D-B61267EEF8E6}.Debug|Mixed Platforms.Build.0 = Debug|Any CPU
		{224AE20C-09D7-4CF7-BD5D-B61267EEF8E6}.Debug|x86.ActiveCfg = Debug|Any CPU
		{224AE20C-09D7-4CF7-BD5D-B61267EEF8E6}.Release|Any CPU.ActiveCfg = Release|Any CPU
		{224AE20C-09D7-4CF7-BD5D-B61267EEF8E6}.Release|Any CPU.Build.0 = Release|Any CPU
		{224AE20C-09D7-4CF7-BD5D-B61267EEF8E6}.Release|Mixed Platforms.ActiveCfg = Release|Any CPU
		{224AE20C-09D7-4CF7-BD5D-B61267EEF8E6}.Release|Mixed Platforms.Build.0 = Release|Any CPU
		{224AE20C-09D7-4CF7-BD5D-B61267EEF8E6}.Release|x86.ActiveCfg = Release|Any CPU
		{7E522194-21F1-4DF3-B88B-C37B55B3AE93}.Debug|Any CPU.ActiveCfg = Debug|Any CPU
		{7E522194-21F1-4DF3-B88B-C37B55B3AE93}.Debug|Any CPU.Build.0 = Debug|Any CPU
		{7E522194-21F1-4DF3-B88B-C37B55B3AE93}.Debug|Mixed Platforms.ActiveCfg = Debug|Any CPU
		{7E522194-21F1-4DF3-B88B-C37B55B3AE93}.Debug|Mixed Platforms.Build.0 = Debug|Any CPU
		{7E522194-21F1-4DF3-B88B-C37B55B3AE93}.Debug|x86.ActiveCfg = Debug|Any CPU
		{7E522194-21F1-4DF3-B88B-C37B55B3AE93}.Release|Any CPU.ActiveCfg = Release|Any CPU
		{7E522194-21F1-4DF3-B88B-C37B55B3AE93}.Release|Any CPU.Build.0 = Release|Any CPU
		{7E522194-21F1-4DF3-B88B-C37B55B3AE93}.Release|Mixed Platforms.ActiveCfg = Release|Any CPU
		{7E522194-21F1-4DF3-B88B-C37B55B3AE93}.Release|Mixed Platforms.Build.0 = Release|Any CPU
		{7E522194-21F1-4DF3-B88B-C37B55B3AE93}.Release|x86.ActiveCfg = Release|Any CPU
	EndGlobalSection
	GlobalSection(SolutionProperties) = preSolution
		HideSolutionNode = FALSE
	EndGlobalSection
EndGlobal
